
Microsoft Visual Studio Solution File, Format Version 12.00
# Visual Studio Version 16
VisualStudioVersion = 16.0.31729.503
MinimumVisualStudioVersion = 10.0.40219.1
Project("{FAE04EC0-301F-11D3-BF4B-00C04F79EFBC}") = "interpolacja", "interpolacja.csproj", "{D571DF0C-9E74-46D8-B1F2-2A621C0E7FA0}"
EndProject
Global
	GlobalSection(SolutionConfigurationPlatforms) = preSolution
		Debug|Any CPU = Debug|Any CPU
		Release|Any CPU = Release|Any CPU
	EndGlobalSection
	GlobalSection(ProjectConfigurationPlatforms) = postSolution
		{D571DF0C-9E74-46D8-B1F2-2A621C0E7FA0}.Debug|Any CPU.ActiveCfg = Debug|Any CPU
		{D571DF0C-9E74-46D8-B1F2-2A621C0E7FA0}.Debug|Any CPU.Build.0 = Debug|Any CPU
		{D571DF0C-9E74-46D8-B1F2-2A621C0E7FA0}.Release|Any CPU.ActiveCfg = Release|Any CPU
		{D571DF0C-9E74-46D8-B1F2-2A621C0E7FA0}.Release|Any CPU.Build.0 = Release|Any CPU
	EndGlobalSection
	GlobalSection(SolutionProperties) = preSolution
		HideSolutionNode = FALSE
	EndGlobalSection
	GlobalSection(ExtensibilityGlobals) = postSolution
		SolutionGuid = {29C04E53-0512-4905-946E-00FDD908971E}
	EndGlobalSection
EndGlobal
